// !$*UTF8*$!
{
	archiveVersion = 1;
	classes = {
	};
	objectVersion = 50;
	objects = {

/* Begin PBXBuildFile section */
		C5ECE40126F2EC1200C67785 /* VotarNoLulaApp.swift in Sources */ = {isa = PBXBuildFile; fileRef = C5ECE40026F2EC1200C67785 /* VotarNoLulaApp.swift */; };
		C5ECE40326F2EC1200C67785 /* VotarNoLulaView.swift in Sources */ = {isa = PBXBuildFile; fileRef = C5ECE40226F2EC1200C67785 /* VotarNoLulaView.swift */; };
		C5ECE40526F2EC1A00C67785 /* Assets.xcassets in Resources */ = {isa = PBXBuildFile; fileRef = C5ECE40426F2EC1A00C67785 /* Assets.xcassets */; };
		C5ECE40826F2EC1A00C67785 /* Preview Assets.xcassets in Resources */ = {isa = PBXBuildFile; fileRef = C5ECE40726F2EC1A00C67785 /* Preview Assets.xcassets */; };
		C5ECE41026F2F83600C67785 /* VotarNoLulaViewModel.swift in Sources */ = {isa = PBXBuildFile; fileRef = C5ECE40F26F2F83600C67785 /* VotarNoLulaViewModel.swift */; };
		C5ECE41526F2F9F300C67785 /* CandidateView.swift in Sources */ = {isa = PBXBuildFile; fileRef = C5ECE41426F2F9F300C67785 /* CandidateView.swift */; };
		C5ECE41726F2FA1200C67785 /* CandidateNumbers.swift in Sources */ = {isa = PBXBuildFile; fileRef = C5ECE41626F2FA1200C67785 /* CandidateNumbers.swift */; };
		C5ECE41926F2FA3400C67785 /* CandidateNumberRectangle.swift in Sources */ = {isa = PBXBuildFile; fileRef = C5ECE41826F2FA3400C67785 /* CandidateNumberRectangle.swift */; };
		C5ECE41B26F2FA5700C67785 /* NumericPadView.swift in Sources */ = {isa = PBXBuildFile; fileRef = C5ECE41A26F2FA5700C67785 /* NumericPadView.swift */; };
		C5ECE41D26F2FA7900C67785 /* NumericPadRow.swift in Sources */ = {isa = PBXBuildFile; fileRef = C5ECE41C26F2FA7900C67785 /* NumericPadRow.swift */; };
		C5ECE41F26F2FAA200C67785 /* NumericPadButton.swift in Sources */ = {isa = PBXBuildFile; fileRef = C5ECE41E26F2FAA200C67785 /* NumericPadButton.swift */; };
		C5ECE42126F2FAC700C67785 /* ActionButtonsView.swift in Sources */ = {isa = PBXBuildFile; fileRef = C5ECE42026F2FAC700C67785 /* ActionButtonsView.swift */; };
		C5ECE42526F2FB1B00C67785 /* ActionButton.swift in Sources */ = {isa = PBXBuildFile; fileRef = C5ECE42426F2FB1B00C67785 /* ActionButton.swift */; };
/* End PBXBuildFile section */

/* Begin PBXFileReference section */
		C5ECE3FD26F2EC1200C67785 /* VotarNoLula.app */ = {isa = PBXFileReference; explicitFileType = wrapper.application; includeInIndex = 0; path = VotarNoLula.app; sourceTree = BUILT_PRODUCTS_DIR; };
		C5ECE40026F2EC1200C67785 /* VotarNoLulaApp.swift */ = {isa = PBXFileReference; lastKnownFileType = sourcecode.swift; path = VotarNoLulaApp.swift; sourceTree = "<group>"; };
		C5ECE40226F2EC1200C67785 /* VotarNoLulaView.swift */ = {isa = PBXFileReference; lastKnownFileType = sourcecode.swift; path = VotarNoLulaView.swift; sourceTree = "<group>"; };
		C5ECE40426F2EC1A00C67785 /* Assets.xcassets */ = {isa = PBXFileReference; lastKnownFileType = folder.assetcatalog; path = Assets.xcassets; sourceTree = "<group>"; };
		C5ECE40726F2EC1A00C67785 /* Preview Assets.xcassets */ = {isa = PBXFileReference; lastKnownFileType = folder.assetcatalog; path = "Preview Assets.xcassets"; sourceTree = "<group>"; };
		C5ECE40926F2EC1A00C67785 /* Info.plist */ = {isa = PBXFileReference; lastKnownFileType = text.plist.xml; path = Info.plist; sourceTree = "<group>"; };
		C5ECE40F26F2F83600C67785 /* VotarNoLulaViewModel.swift */ = {isa = PBXFileReference; lastKnownFileType = sourcecode.swift; path = VotarNoLulaViewModel.swift; sourceTree = "<group>"; };
		C5ECE41426F2F9F300C67785 /* CandidateView.swift */ = {isa = PBXFileReference; lastKnownFileType = sourcecode.swift; path = CandidateView.swift; sourceTree = "<group>"; };
		C5ECE41626F2FA1200C67785 /* CandidateNumbers.swift */ = {isa = PBXFileReference; lastKnownFileType = sourcecode.swift; path = CandidateNumbers.swift; sourceTree = "<group>"; };
		C5ECE41826F2FA3400C67785 /* CandidateNumberRectangle.swift */ = {isa = PBXFileReference; lastKnownFileType = sourcecode.swift; path = CandidateNumberRectangle.swift; sourceTree = "<group>"; };
		C5ECE41A26F2FA5700C67785 /* NumericPadView.swift */ = {isa = PBXFileReference; lastKnownFileType = sourcecode.swift; path = NumericPadView.swift; sourceTree = "<group>"; };
		C5ECE41C26F2FA7900C67785 /* NumericPadRow.swift */ = {isa = PBXFileReference; lastKnownFileType = sourcecode.swift; path = NumericPadRow.swift; sourceTree = "<group>"; };
		C5ECE41E26F2FAA200C67785 /* NumericPadButton.swift */ = {isa = PBXFileReference; lastKnownFileType = sourcecode.swift; path = NumericPadButton.swift; sourceTree = "<group>"; };
		C5ECE42026F2FAC700C67785 /* ActionButtonsView.swift */ = {isa = PBXFileReference; lastKnownFileType = sourcecode.swift; path = ActionButtonsView.swift; sourceTree = "<group>"; };
		C5ECE42426F2FB1B00C67785 /* ActionButton.swift */ = {isa = PBXFileReference; lastKnownFileType = sourcecode.swift; path = ActionButton.swift; sourceTree = "<group>"; };
/* End PBXFileReference section */

/* Begin PBXFrameworksBuildPhase section */
		C5ECE3FA26F2EC1200C67785 /* Frameworks */ = {
			isa = PBXFrameworksBuildPhase;
			buildActionMask = 2147483647;
			files = (
			);
			runOnlyForDeploymentPostprocessing = 0;
		};
/* End PBXFrameworksBuildPhase section */

/* Begin PBXGroup section */
		C5ECE3F426F2EC1200C67785 = {
			isa = PBXGroup;
			children = (
				C5ECE3FF26F2EC1200C67785 /* VotarNoLula */,
				C5ECE3FE26F2EC1200C67785 /* Products */,
			);
			sourceTree = "<group>";
		};
		C5ECE3FE26F2EC1200C67785 /* Products */ = {
			isa = PBXGroup;
			children = (
				C5ECE3FD26F2EC1200C67785 /* VotarNoLula.app */,
			);
			name = Products;
			sourceTree = "<group>";
		};
		C5ECE3FF26F2EC1200C67785 /* VotarNoLula */ = {
			isa = PBXGroup;
			children = (
				C5ECE41126F2F9AE00C67785 /* Views */,
				C5ECE40026F2EC1200C67785 /* VotarNoLulaApp.swift */,
				C5ECE40226F2EC1200C67785 /* VotarNoLulaView.swift */,
				C5ECE40F26F2F83600C67785 /* VotarNoLulaViewModel.swift */,
				C5ECE40426F2EC1A00C67785 /* Assets.xcassets */,
				C5ECE40926F2EC1A00C67785 /* Info.plist */,
				C5ECE40626F2EC1A00C67785 /* Preview Content */,
			);
			path = VotarNoLula;
			sourceTree = "<group>";
		};
		C5ECE40626F2EC1A00C67785 /* Preview Content */ = {
			isa = PBXGroup;
			children = (
				C5ECE40726F2EC1A00C67785 /* Preview Assets.xcassets */,
			);
			path = "Preview Content";
			sourceTree = "<group>";
		};
		C5ECE41126F2F9AE00C67785 /* Views */ = {
			isa = PBXGroup;
			children = (
				C5ECE41326F2F9D700C67785 /* NumericPadViews */,
				C5ECE41226F2F9BD00C67785 /* CandidateViews */,
			);
			path = Views;
			sourceTree = "<group>";
		};
		C5ECE41226F2F9BD00C67785 /* CandidateViews */ = {
			isa = PBXGroup;
			children = (
				C5ECE41426F2F9F300C67785 /* CandidateView.swift */,
				C5ECE41626F2FA1200C67785 /* CandidateNumbers.swift */,
				C5ECE41826F2FA3400C67785 /* CandidateNumberRectangle.swift */,
			);
			path = CandidateViews;
			sourceTree = "<group>";
		};
		C5ECE41326F2F9D700C67785 /* NumericPadViews */ = {
			isa = PBXGroup;
			children = (
				C5ECE42326F2FB0200C67785 /* ActionButtons */,
				C5ECE42226F2FAE400C67785 /* NumericPad */,
			);
			path = NumericPadViews;
			sourceTree = "<group>";
		};
		C5ECE42226F2FAE400C67785 /* NumericPad */ = {
			isa = PBXGroup;
			children = (
				C5ECE41A26F2FA5700C67785 /* NumericPadView.swift */,
				C5ECE41C26F2FA7900C67785 /* NumericPadRow.swift */,
				C5ECE41E26F2FAA200C67785 /* NumericPadButton.swift */,
			);
			path = NumericPad;
			sourceTree = "<group>";
		};
		C5ECE42326F2FB0200C67785 /* ActionButtons */ = {
			isa = PBXGroup;
			children = (
				C5ECE42026F2FAC700C67785 /* ActionButtonsView.swift */,
				C5ECE42426F2FB1B00C67785 /* ActionButton.swift */,
			);
			path = ActionButtons;
			sourceTree = "<group>";
		};
/* End PBXGroup section */

/* Begin PBXNativeTarget section */
		C5ECE3FC26F2EC1200C67785 /* VotarNoLula */ = {
			isa = PBXNativeTarget;
			buildConfigurationList = C5ECE40C26F2EC1A00C67785 /* Build configuration list for PBXNativeTarget "VotarNoLula" */;
			buildPhases = (
				C5ECE3F926F2EC1200C67785 /* Sources */,
				C5ECE3FA26F2EC1200C67785 /* Frameworks */,
				C5ECE3FB26F2EC1200C67785 /* Resources */,
			);
			buildRules = (
			);
			dependencies = (
			);
			name = VotarNoLula;
			productName = VotarNoLula;
			productReference = C5ECE3FD26F2EC1200C67785 /* VotarNoLula.app */;
			productType = "com.apple.product-type.application";
		};
/* End PBXNativeTarget section */

/* Begin PBXProject section */
		C5ECE3F526F2EC1200C67785 /* Project object */ = {
			isa = PBXProject;
			attributes = {
				LastSwiftUpdateCheck = 1250;
				LastUpgradeCheck = 1250;
				TargetAttributes = {
					C5ECE3FC26F2EC1200C67785 = {
						CreatedOnToolsVersion = 12.5.1;
					};
				};
			};
			buildConfigurationList = C5ECE3F826F2EC1200C67785 /* Build configuration list for PBXProject "VotarNoLula" */;
			compatibilityVersion = "Xcode 9.3";
			developmentRegion = en;
			hasScannedForEncodings = 0;
			knownRegions = (
				en,
				Base,
			);
			mainGroup = C5ECE3F426F2EC1200C67785;
			productRefGroup = C5ECE3FE26F2EC1200C67785 /* Products */;
			projectDirPath = "";
			projectRoot = "";
			targets = (
				C5ECE3FC26F2EC1200C67785 /* VotarNoLula */,
			);
		};
/* End PBXProject section */

/* Begin PBXResourcesBuildPhase section */
		C5ECE3FB26F2EC1200C67785 /* Resources */ = {
			isa = PBXResourcesBuildPhase;
			buildActionMask = 2147483647;
			files = (
				C5ECE40826F2EC1A00C67785 /* Preview Assets.xcassets in Resources */,
				C5ECE40526F2EC1A00C67785 /* Assets.xcassets in Resources */,
			);
			runOnlyForDeploymentPostprocessing = 0;
		};
/* End PBXResourcesBuildPhase section */

/* Begin PBXSourcesBuildPhase section */
		C5ECE3F926F2EC1200C67785 /* Sources */ = {
			isa = PBXSourcesBuildPhase;
			buildActionMask = 2147483647;
			files = (
				C5ECE40326F2EC1200C67785 /* VotarNoLulaView.swift in Sources */,
				C5ECE41F26F2FAA200C67785 /* NumericPadButton.swift in Sources */,
				C5ECE42126F2FAC700C67785 /* ActionButtonsView.swift in Sources */,
				C5ECE42526F2FB1B00C67785 /* ActionButton.swift in Sources */,
				C5ECE40126F2EC1200C67785 /* VotarNoLulaApp.swift in Sources */,
				C5ECE41726F2FA1200C67785 /* CandidateNumbers.swift in Sources */,
				C5ECE41526F2F9F300C67785 /* CandidateView.swift in Sources */,
				C5ECE41B26F2FA5700C67785 /* NumericPadView.swift in Sources */,
				C5ECE41926F2FA3400C67785 /* CandidateNumberRectangle.swift in Sources */,
				C5ECE41D26F2FA7900C67785 /* NumericPadRow.swift in Sources */,
				C5ECE41026F2F83600C67785 /* VotarNoLulaViewModel.swift in Sources */,
			);
			runOnlyForDeploymentPostprocessing = 0;
		};
/* End PBXSourcesBuildPhase section */

/* Begin XCBuildConfiguration section */
		C5ECE40A26F2EC1A00C67785 /* Debug */ = {
			isa = XCBuildConfiguration;
			buildSettings = {
				ALWAYS_SEARCH_USER_PATHS = NO;
				CLANG_ANALYZER_NONNULL = YES;
				CLANG_ANALYZER_NUMBER_OBJECT_CONVERSION = YES_AGGRESSIVE;
				CLANG_CXX_LANGUAGE_STANDARD = "gnu++14";
				CLANG_CXX_LIBRARY = "libc++";
				CLANG_ENABLE_MODULES = YES;
				CLANG_ENABLE_OBJC_ARC = YES;
				CLANG_ENABLE_OBJC_WEAK = YES;
				CLANG_WARN_BLOCK_CAPTURE_AUTORELEASING = YES;
				CLANG_WARN_BOOL_CONVERSION = YES;
				CLANG_WARN_COMMA = YES;
				CLANG_WARN_CONSTANT_CONVERSION = YES;
				CLANG_WARN_DEPRECATED_OBJC_IMPLEMENTATIONS = YES;
				CLANG_WARN_DIRECT_OBJC_ISA_USAGE = YES_ERROR;
				CLANG_WARN_DOCUMENTATION_COMMENTS = YES;
				CLANG_WARN_EMPTY_BODY = YES;
				CLANG_WARN_ENUM_CONVERSION = YES;
				CLANG_WARN_INFINITE_RECURSION = YES;
				CLANG_WARN_INT_CONVERSION = YES;
				CLANG_WARN_NON_LITERAL_NULL_CONVERSION = YES;
				CLANG_WARN_OBJC_IMPLICIT_RETAIN_SELF = YES;
				CLANG_WARN_OBJC_LITERAL_CONVERSION = YES;
				CLANG_WARN_OBJC_ROOT_CLASS = YES_ERROR;
				CLANG_WARN_QUOTED_INCLUDE_IN_FRAMEWORK_HEADER = YES;
				CLANG_WARN_RANGE_LOOP_ANALYSIS = YES;
				CLANG_WARN_STRICT_PROTOTYPES = YES;
				CLANG_WARN_SUSPICIOUS_MOVE = YES;
				CLANG_WARN_UNGUARDED_AVAILABILITY = YES_AGGRESSIVE;
				CLANG_WARN_UNREACHABLE_CODE = YES;
				CLANG_WARN__DUPLICATE_METHOD_MATCH = YES;
				COPY_PHASE_STRIP = NO;
				DEBUG_INFORMATION_FORMAT = dwarf;
				ENABLE_STRICT_OBJC_MSGSEND = YES;
				ENABLE_TESTABILITY = YES;
				GCC_C_LANGUAGE_STANDARD = gnu11;
				GCC_DYNAMIC_NO_PIC = NO;
				GCC_NO_COMMON_BLOCKS = YES;
				GCC_OPTIMIZATION_LEVEL = 0;
				GCC_PREPROCESSOR_DEFINITIONS = (
					"DEBUG=1",
					"$(inherited)",
				);
				GCC_WARN_64_TO_32_BIT_CONVERSION = YES;
				GCC_WARN_ABOUT_RETURN_TYPE = YES_ERROR;
				GCC_WARN_UNDECLARED_SELECTOR = YES;
				GCC_WARN_UNINITIALIZED_AUTOS = YES_AGGRESSIVE;
				GCC_WARN_UNUSED_FUNCTION = YES;
				GCC_WARN_UNUSED_VARIABLE = YES;
				IPHONEOS_DEPLOYMENT_TARGET = 14.5;
				MTL_ENABLE_DEBUG_INFO = INCLUDE_SOURCE;
				MTL_FAST_MATH = YES;
				ONLY_ACTIVE_ARCH = YES;
				SDKROOT = iphoneos;
				SWIFT_ACTIVE_COMPILATION_CONDITIONS = DEBUG;
				SWIFT_OPTIMIZATION_LEVEL = "-Onone";
			};
			name = Debug;
		};
		C5ECE40B26F2EC1A00C67785 /* Release */ = {
			isa = XCBuildConfiguration;
			buildSettings = {
				ALWAYS_SEARCH_USER_PATHS = NO;
				CLANG_ANALYZER_NONNULL = YES;
				CLANG_ANALYZER_NUMBER_OBJECT_CONVERSION = YES_AGGRESSIVE;
				CLANG_CXX_LANGUAGE_STANDARD = "gnu++14";
				CLANG_CXX_LIBRARY = "libc++";
				CLANG_ENABLE_MODULES = YES;
				CLANG_ENABLE_OBJC_ARC = YES;
				CLANG_ENABLE_OBJC_WEAK = YES;
				CLANG_WARN_BLOCK_CAPTURE_AUTORELEASING = YES;
				CLANG_WARN_BOOL_CONVERSION = YES;
				CLANG_WARN_COMMA = YES;
				CLANG_WARN_CONSTANT_CONVERSION = YES;
				CLANG_WARN_DEPRECATED_OBJC_IMPLEMENTATIONS = YES;
				CLANG_WARN_DIRECT_OBJC_ISA_USAGE = YES_ERROR;
				CLANG_WARN_DOCUMENTATION_COMMENTS = YES;
				CLANG_WARN_EMPTY_BODY = YES;
				CLANG_WARN_ENUM_CONVERSION = YES;
				CLANG_WARN_INFINITE_RECURSION = YES;
				CLANG_WARN_INT_CONVERSION = YES;
				CLANG_WARN_NON_LITERAL_NULL_CONVERSION = YES;
				CLANG_WARN_OBJC_IMPLICIT_RETAIN_SELF = YES;
				CLANG_WARN_OBJC_LITERAL_CONVERSION = YES;
				CLANG_WARN_OBJC_ROOT_CLASS = YES_ERROR;
				CLANG_WARN_QUOTED_INCLUDE_IN_FRAMEWORK_HEADER = YES;
				CLANG_WARN_RANGE_LOOP_ANALYSIS = YES;
				CLANG_WARN_STRICT_PROTOTYPES = YES;
				CLANG_WARN_SUSPICIOUS_MOVE = YES;
				CLANG_WARN_UNGUARDED_AVAILABILITY = YES_AGGRESSIVE;
				CLANG_WARN_UNREACHABLE_CODE = YES;
				CLANG_WARN__DUPLICATE_METHOD_MATCH = YES;
				COPY_PHASE_STRIP = NO;
				DEBUG_INFORMATION_FORMAT = "dwarf-with-dsym";
				ENABLE_NS_ASSERTIONS = NO;
				ENABLE_STRICT_OBJC_MSGSEND = YES;
				GCC_C_LANGUAGE_STANDARD = gnu11;
				GCC_NO_COMMON_BLOCKS = YES;
				GCC_WARN_64_TO_32_BIT_CONVERSION = YES;
				GCC_WARN_ABOUT_RETURN_TYPE = YES_ERROR;
				GCC_WARN_UNDECLARED_SELECTOR = YES;
				GCC_WARN_UNINITIALIZED_AUTOS = YES_AGGRESSIVE;
				GCC_WARN_UNUSED_FUNCTION = YES;
				GCC_WARN_UNUSED_VARIABLE = YES;
				IPHONEOS_DEPLOYMENT_TARGET = 14.5;
				MTL_ENABLE_DEBUG_INFO = NO;
				MTL_FAST_MATH = YES;
				SDKROOT = iphoneos;
				SWIFT_COMPILATION_MODE = wholemodule;
				SWIFT_OPTIMIZATION_LEVEL = "-O";
				VALIDATE_PRODUCT = YES;
			};
			name = Release;
		};
		C5ECE40D26F2EC1A00C67785 /* Debug */ = {
			isa = XCBuildConfiguration;
			buildSettings = {
				ASSETCATALOG_COMPILER_APPICON_NAME = AppIcon;
				ASSETCATALOG_COMPILER_GLOBAL_ACCENT_COLOR_NAME = AccentColor;
				CODE_SIGN_STYLE = Automatic;
				DEVELOPMENT_ASSET_PATHS = "\"VotarNoLula/Preview Content\"";
				DEVELOPMENT_TEAM = 6P29MLAXD8;
				ENABLE_PREVIEWS = YES;
				INFOPLIST_FILE = VotarNoLula/Info.plist;
				IPHONEOS_DEPLOYMENT_TARGET = 14.0;
				LD_RUNPATH_SEARCH_PATHS = (
					"$(inherited)",
					"@executable_path/Frameworks",
				);
				PRODUCT_BUNDLE_IDENTIFIER = com.douglasws89.VotarNoLula;
				PRODUCT_NAME = "$(TARGET_NAME)";
				SWIFT_VERSION = 5.0;
				TARGETED_DEVICE_FAMILY = 1;
			};
			name = Debug;
		};
		C5ECE40E26F2EC1A00C67785 /* Release */ = {
			isa = XCBuildConfiguration;
			buildSettings = {
				ASSETCATALOG_COMPILER_APPICON_NAME = AppIcon;
				ASSETCATALOG_COMPILER_GLOBAL_ACCENT_COLOR_NAME = AccentColor;
				CODE_SIGN_STYLE = Automatic;
				DEVELOPMENT_ASSET_PATHS = "\"VotarNoLula/Preview Content\"";
				DEVELOPMENT_TEAM = 6P29MLAXD8;
				ENABLE_PREVIEWS = YES;
				INFOPLIST_FILE = VotarNoLula/Info.plist;
				IPHONEOS_DEPLOYMENT_TARGET = 14.0;
				LD_RUNPATH_SEARCH_PATHS = (
					"$(inherited)",
					"@executable_path/Frameworks",
				);
				PRODUCT_BUNDLE_IDENTIFIER = com.douglasws89.VotarNoLula;
				PRODUCT_NAME = "$(TARGET_NAME)";
				SWIFT_VERSION = 5.0;
				TARGETED_DEVICE_FAMILY = 1;
			};
			name = Release;
		};
/* End XCBuildConfiguration section */

/* Begin XCConfigurationList section */
		C5ECE3F826F2EC1200C67785 /* Build configuration list for PBXProject "VotarNoLula" */ = {
			isa = XCConfigurationList;
			buildConfigurations = (
				C5ECE40A26F2EC1A00C67785 /* Debug */,
				C5ECE40B26F2EC1A00C67785 /* Release */,
			);
			defaultConfigurationIsVisible = 0;
			defaultConfigurationName = Release;
		};
		C5ECE40C26F2EC1A00C67785 /* Build configuration list for PBXNativeTarget "VotarNoLula" */ = {
			isa = XCConfigurationList;
			buildConfigurations = (
				C5ECE40D26F2EC1A00C67785 /* Debug */,
				C5ECE40E26F2EC1A00C67785 /* Release */,
			);
			defaultConfigurationIsVisible = 0;
			defaultConfigurationName = Release;
		};
/* End XCConfigurationList section */
	};
	rootObject = C5ECE3F526F2EC1200C67785 /* Project object */;
}
